// !$*UTF8*$!
{
	archiveVersion = 1;
	classes = {
	};
	objectVersion = 60;
	objects = {

/* Begin PBXBuildFile section */
		90C1631E2AA1218E001E5FC0 /* MySwiftSyntaxProjectApp.swift in Sources */ = {isa = PBXBuildFile; fileRef = 90C1631D2AA1218E001E5FC0 /* MySwiftSyntaxProjectApp.swift */; };
		90C163202AA1218E001E5FC0 /* ContentView.swift in Sources */ = {isa = PBXBuildFile; fileRef = 90C1631F2AA1218E001E5FC0 /* ContentView.swift */; };
		90C163222AA1218F001E5FC0 /* Assets.xcassets in Resources */ = {isa = PBXBuildFile; fileRef = 90C163212AA1218F001E5FC0 /* Assets.xcassets */; };
		90C163262AA1218F001E5FC0 /* Preview Assets.xcassets in Resources */ = {isa = PBXBuildFile; fileRef = 90C163252AA1218F001E5FC0 /* Preview Assets.xcassets */; };
		90C1632E2AA18F28001E5FC0 /* SwiftParser in Frameworks */ = {isa = PBXBuildFile; productRef = 90C1632D2AA18F28001E5FC0 /* SwiftParser */; };
		90C163302AA18F28001E5FC0 /* SwiftSyntax in Frameworks */ = {isa = PBXBuildFile; productRef = 90C1632F2AA18F28001E5FC0 /* SwiftSyntax */; };
		90D4366D2AAC3E170002124F /* StructInitMacro in Frameworks */ = {isa = PBXBuildFile; productRef = 90D4366C2AAC3E170002124F /* StructInitMacro */; };
/* End PBXBuildFile section */

/* Begin PBXFileReference section */
		90C1631A2AA1218E001E5FC0 /* MySwiftSyntaxProject.app */ = {isa = PBXFileReference; explicitFileType = wrapper.application; includeInIndex = 0; path = MySwiftSyntaxProject.app; sourceTree = BUILT_PRODUCTS_DIR; };
		90C1631D2AA1218E001E5FC0 /* MySwiftSyntaxProjectApp.swift */ = {isa = PBXFileReference; lastKnownFileType = sourcecode.swift; path = MySwiftSyntaxProjectApp.swift; sourceTree = "<group>"; };
		90C1631F2AA1218E001E5FC0 /* ContentView.swift */ = {isa = PBXFileReference; lastKnownFileType = sourcecode.swift; path = ContentView.swift; sourceTree = "<group>"; };
		90C163212AA1218F001E5FC0 /* Assets.xcassets */ = {isa = PBXFileReference; lastKnownFileType = folder.assetcatalog; path = Assets.xcassets; sourceTree = "<group>"; };
		90C163232AA1218F001E5FC0 /* MySwiftSyntaxProject.entitlements */ = {isa = PBXFileReference; lastKnownFileType = text.plist.entitlements; path = MySwiftSyntaxProject.entitlements; sourceTree = "<group>"; };
		90C163252AA1218F001E5FC0 /* Preview Assets.xcassets */ = {isa = PBXFileReference; lastKnownFileType = folder.assetcatalog; path = "Preview Assets.xcassets"; sourceTree = "<group>"; };
/* End PBXFileReference section */

/* Begin PBXFrameworksBuildPhase section */
		90C163172AA1218E001E5FC0 /* Frameworks */ = {
			isa = PBXFrameworksBuildPhase;
			buildActionMask = 2147483647;
			files = (
				90D4366D2AAC3E170002124F /* StructInitMacro in Frameworks */,
				90C1632E2AA18F28001E5FC0 /* SwiftParser in Frameworks */,
				90C163302AA18F28001E5FC0 /* SwiftSyntax in Frameworks */,
			);
			runOnlyForDeploymentPostprocessing = 0;
		};
/* End PBXFrameworksBuildPhase section */

/* Begin PBXGroup section */
		90C163112AA1218D001E5FC0 = {
			isa = PBXGroup;
			children = (
				90C1631C2AA1218E001E5FC0 /* MySwiftSyntaxProject */,
				90C1631B2AA1218E001E5FC0 /* Products */,
			);
			sourceTree = "<group>";
		};
		90C1631B2AA1218E001E5FC0 /* Products */ = {
			isa = PBXGroup;
			children = (
				90C1631A2AA1218E001E5FC0 /* MySwiftSyntaxProject.app */,
			);
			name = Products;
			sourceTree = "<group>";
		};
		90C1631C2AA1218E001E5FC0 /* MySwiftSyntaxProject */ = {
			isa = PBXGroup;
			children = (
				90C1631D2AA1218E001E5FC0 /* MySwiftSyntaxProjectApp.swift */,
				90C1631F2AA1218E001E5FC0 /* ContentView.swift */,
				90C163212AA1218F001E5FC0 /* Assets.xcassets */,
				90C163232AA1218F001E5FC0 /* MySwiftSyntaxProject.entitlements */,
				90C163242AA1218F001E5FC0 /* Preview Content */,
			);
			path = MySwiftSyntaxProject;
			sourceTree = "<group>";
		};
		90C163242AA1218F001E5FC0 /* Preview Content */ = {
			isa = PBXGroup;
			children = (
				90C163252AA1218F001E5FC0 /* Preview Assets.xcassets */,
			);
			path = "Preview Content";
			sourceTree = "<group>";
		};
/* End PBXGroup section */

/* Begin PBXNativeTarget section */
		90C163192AA1218E001E5FC0 /* MySwiftSyntaxProject */ = {
			isa = PBXNativeTarget;
			buildConfigurationList = 90C163292AA1218F001E5FC0 /* Build configuration list for PBXNativeTarget "MySwiftSyntaxProject" */;
			buildPhases = (
				90C163162AA1218E001E5FC0 /* Sources */,
				90C163172AA1218E001E5FC0 /* Frameworks */,
				90C163182AA1218E001E5FC0 /* Resources */,
			);
			buildRules = (
			);
			dependencies = (
			);
			name = MySwiftSyntaxProject;
			packageProductDependencies = (
				90C1632D2AA18F28001E5FC0 /* SwiftParser */,
				90C1632F2AA18F28001E5FC0 /* SwiftSyntax */,
				90D4366C2AAC3E170002124F /* StructInitMacro */,
			);
			productName = MySwiftSyntaxProject;
			productReference = 90C1631A2AA1218E001E5FC0 /* MySwiftSyntaxProject.app */;
			productType = "com.apple.product-type.application";
		};
/* End PBXNativeTarget section */

/* Begin PBXProject section */
		90C163122AA1218D001E5FC0 /* Project object */ = {
			isa = PBXProject;
			attributes = {
				BuildIndependentTargetsInParallel = 1;
				LastSwiftUpdateCheck = 1500;
				LastUpgradeCheck = 1500;
				TargetAttributes = {
					90C163192AA1218E001E5FC0 = {
						CreatedOnToolsVersion = 15.0;
					};
				};
			};
			buildConfigurationList = 90C163152AA1218D001E5FC0 /* Build configuration list for PBXProject "MySwiftSyntaxProject" */;
			compatibilityVersion = "Xcode 14.0";
			developmentRegion = en;
			hasScannedForEncodings = 0;
			knownRegions = (
				en,
				Base,
			);
			mainGroup = 90C163112AA1218D001E5FC0;
			packageReferences = (
				90C1632C2AA18F28001E5FC0 /* XCRemoteSwiftPackageReference "swift-syntax" */,
				90D4366B2AAC3E170002124F /* XCLocalSwiftPackageReference "../StructInitMacro" */,
			);
			productRefGroup = 90C1631B2AA1218E001E5FC0 /* Products */;
			projectDirPath = "";
			projectRoot = "";
			targets = (
				90C163192AA1218E001E5FC0 /* MySwiftSyntaxProject */,
			);
		};
/* End PBXProject section */

/* Begin PBXResourcesBuildPhase section */
		90C163182AA1218E001E5FC0 /* Resources */ = {
			isa = PBXResourcesBuildPhase;
			buildActionMask = 2147483647;
			files = (
				90C163262AA1218F001E5FC0 /* Preview Assets.xcassets in Resources */,
				90C163222AA1218F001E5FC0 /* Assets.xcassets in Resources */,
			);
			runOnlyForDeploymentPostprocessing = 0;
		};
/* End PBXResourcesBuildPhase section */

/* Begin PBXSourcesBuildPhase section */
		90C163162AA1218E001E5FC0 /* Sources */ = {
			isa = PBXSourcesBuildPhase;
			buildActionMask = 2147483647;
			files = (
				90C163202AA1218E001E5FC0 /* ContentView.swift in Sources */,
				90C1631E2AA1218E001E5FC0 /* MySwiftSyntaxProjectApp.swift in Sources */,
			);
			runOnlyForDeploymentPostprocessing = 0;
		};
/* End PBXSourcesBuildPhase section */

/* Begin XCBuildConfiguration section */
		90C163272AA1218F001E5FC0 /* Debug */ = {
			isa = XCBuildConfiguration;
			buildSettings = {
				ALWAYS_SEARCH_USER_PATHS = NO;
				ASSETCATALOG_COMPILER_GENERATE_SWIFT_ASSET_SYMBOL_EXTENSIONS = YES;
				CLANG_ANALYZER_NONNULL = YES;
				CLANG_ANALYZER_NUMBER_OBJECT_CONVERSION = YES_AGGRESSIVE;
				CLANG_CXX_LANGUAGE_STANDARD = "gnu++20";
				CLANG_ENABLE_MODULES = YES;
				CLANG_ENABLE_OBJC_ARC = YES;
				CLANG_ENABLE_OBJC_WEAK = YES;
				CLANG_WARN_BLOCK_CAPTURE_AUTORELEASING = YES;
				CLANG_WARN_BOOL_CONVERSION = YES;
				CLANG_WARN_COMMA = YES;
				CLANG_WARN_CONSTANT_CONVERSION = YES;
				CLANG_WARN_DEPRECATED_OBJC_IMPLEMENTATIONS = YES;
				CLANG_WARN_DIRECT_OBJC_ISA_USAGE = YES_ERROR;
				CLANG_WARN_DOCUMENTATION_COMMENTS = YES;
				CLANG_WARN_EMPTY_BODY = YES;
				CLANG_WARN_ENUM_CONVERSION = YES;
				CLANG_WARN_INFINITE_RECURSION = YES;
				CLANG_WARN_INT_CONVERSION = YES;
				CLANG_WARN_NON_LITERAL_NULL_CONVERSION = YES;
				CLANG_WARN_OBJC_IMPLICIT_RETAIN_SELF = YES;
				CLANG_WARN_OBJC_LITERAL_CONVERSION = YES;
				CLANG_WARN_OBJC_ROOT_CLASS = YES_ERROR;
				CLANG_WARN_QUOTED_INCLUDE_IN_FRAMEWORK_HEADER = YES;
				CLANG_WARN_RANGE_LOOP_ANALYSIS = YES;
				CLANG_WARN_STRICT_PROTOTYPES = YES;
				CLANG_WARN_SUSPICIOUS_MOVE = YES;
				CLANG_WARN_UNGUARDED_AVAILABILITY = YES_AGGRESSIVE;
				CLANG_WARN_UNREACHABLE_CODE = YES;
				CLANG_WARN__DUPLICATE_METHOD_MATCH = YES;
				COPY_PHASE_STRIP = NO;
				DEBUG_INFORMATION_FORMAT = dwarf;
				ENABLE_STRICT_OBJC_MSGSEND = YES;
				ENABLE_TESTABILITY = YES;
				ENABLE_USER_SCRIPT_SANDBOXING = YES;
				GCC_C_LANGUAGE_STANDARD = gnu17;
				GCC_DYNAMIC_NO_PIC = NO;
				GCC_NO_COMMON_BLOCKS = YES;
				GCC_OPTIMIZATION_LEVEL = 0;
				GCC_PREPROCESSOR_DEFINITIONS = (
					"DEBUG=1",
					"$(inherited)",
				);
				GCC_WARN_64_TO_32_BIT_CONVERSION = YES;
				GCC_WARN_ABOUT_RETURN_TYPE = YES_ERROR;
				GCC_WARN_UNDECLARED_SELECTOR = YES;
				GCC_WARN_UNINITIALIZED_AUTOS = YES_AGGRESSIVE;
				GCC_WARN_UNUSED_FUNCTION = YES;
				GCC_WARN_UNUSED_VARIABLE = YES;
				LOCALIZATION_PREFERS_STRING_CATALOGS = YES;
				MTL_ENABLE_DEBUG_INFO = INCLUDE_SOURCE;
				MTL_FAST_MATH = YES;
				ONLY_ACTIVE_ARCH = YES;
				SWIFT_ACTIVE_COMPILATION_CONDITIONS = "DEBUG $(inherited)";
				SWIFT_OPTIMIZATION_LEVEL = "-Onone";
			};
			name = Debug;
		};
		90C163282AA1218F001E5FC0 /* Release */ = {
			isa = XCBuildConfiguration;
			buildSettings = {
				ALWAYS_SEARCH_USER_PATHS = NO;
				ASSETCATALOG_COMPILER_GENERATE_SWIFT_ASSET_SYMBOL_EXTENSIONS = YES;
				CLANG_ANALYZER_NONNULL = YES;
				CLANG_ANALYZER_NUMBER_OBJECT_CONVERSION = YES_AGGRESSIVE;
				CLANG_CXX_LANGUAGE_STANDARD = "gnu++20";
				CLANG_ENABLE_MODULES = YES;
				CLANG_ENABLE_OBJC_ARC = YES;
				CLANG_ENABLE_OBJC_WEAK = YES;
				CLANG_WARN_BLOCK_CAPTURE_AUTORELEASING = YES;
				CLANG_WARN_BOOL_CONVERSION = YES;
				CLANG_WARN_COMMA = YES;
				CLANG_WARN_CONSTANT_CONVERSION = YES;
				CLANG_WARN_DEPRECATED_OBJC_IMPLEMENTATIONS = YES;
				CLANG_WARN_DIRECT_OBJC_ISA_USAGE = YES_ERROR;
				CLANG_WARN_DOCUMENTATION_COMMENTS = YES;
				CLANG_WARN_EMPTY_BODY = YES;
				CLANG_WARN_ENUM_CONVERSION = YES;
				CLANG_WARN_INFINITE_RECURSION = YES;
				CLANG_WARN_INT_CONVERSION = YES;
				CLANG_WARN_NON_LITERAL_NULL_CONVERSION = YES;
				CLANG_WARN_OBJC_IMPLICIT_RETAIN_SELF = YES;
				CLANG_WARN_OBJC_LITERAL_CONVERSION = YES;
				CLANG_WARN_OBJC_ROOT_CLASS = YES_ERROR;
				CLANG_WARN_QUOTED_INCLUDE_IN_FRAMEWORK_HEADER = YES;
				CLANG_WARN_RANGE_LOOP_ANALYSIS = YES;
				CLANG_WARN_STRICT_PROTOTYPES = YES;
				CLANG_WARN_SUSPICIOUS_MOVE = YES;
				CLANG_WARN_UNGUARDED_AVAILABILITY = YES_AGGRESSIVE;
				CLANG_WARN_UNREACHABLE_CODE = YES;
				CLANG_WARN__DUPLICATE_METHOD_MATCH = YES;
				COPY_PHASE_STRIP = NO;
				DEBUG_INFORMATION_FORMAT = "dwarf-with-dsym";
				ENABLE_NS_ASSERTIONS = NO;
				ENABLE_STRICT_OBJC_MSGSEND = YES;
				ENABLE_USER_SCRIPT_SANDBOXING = YES;
				GCC_C_LANGUAGE_STANDARD = gnu17;
				GCC_NO_COMMON_BLOCKS = YES;
				GCC_WARN_64_TO_32_BIT_CONVERSION = YES;
				GCC_WARN_ABOUT_RETURN_TYPE = YES_ERROR;
				GCC_WARN_UNDECLARED_SELECTOR = YES;
				GCC_WARN_UNINITIALIZED_AUTOS = YES_AGGRESSIVE;
				GCC_WARN_UNUSED_FUNCTION = YES;
				GCC_WARN_UNUSED_VARIABLE = YES;
				LOCALIZATION_PREFERS_STRING_CATALOGS = YES;
				MTL_ENABLE_DEBUG_INFO = NO;
				MTL_FAST_MATH = YES;
				SWIFT_COMPILATION_MODE = wholemodule;
			};
			name = Release;
		};
		90C1632A2AA1218F001E5FC0 /* Debug */ = {
			isa = XCBuildConfiguration;
			buildSettings = {
				ASSETCATALOG_COMPILER_APPICON_NAME = AppIcon;
				ASSETCATALOG_COMPILER_GLOBAL_ACCENT_COLOR_NAME = AccentColor;
				CODE_SIGN_ENTITLEMENTS = MySwiftSyntaxProject/MySwiftSyntaxProject.entitlements;
				CODE_SIGN_STYLE = Automatic;
				CURRENT_PROJECT_VERSION = 1;
				DEVELOPMENT_ASSET_PATHS = "\"MySwiftSyntaxProject/Preview Content\"";
				DEVELOPMENT_TEAM = Y49FTKD2M5;
				ENABLE_HARDENED_RUNTIME = YES;
				ENABLE_PREVIEWS = YES;
				GENERATE_INFOPLIST_FILE = YES;
				"INFOPLIST_KEY_UIApplicationSceneManifest_Generation[sdk=iphoneos*]" = YES;
				"INFOPLIST_KEY_UIApplicationSceneManifest_Generation[sdk=iphonesimulator*]" = YES;
				"INFOPLIST_KEY_UIApplicationSupportsIndirectInputEvents[sdk=iphoneos*]" = YES;
				"INFOPLIST_KEY_UIApplicationSupportsIndirectInputEvents[sdk=iphonesimulator*]" = YES;
				"INFOPLIST_KEY_UILaunchScreen_Generation[sdk=iphoneos*]" = YES;
				"INFOPLIST_KEY_UILaunchScreen_Generation[sdk=iphonesimulator*]" = YES;
				"INFOPLIST_KEY_UIStatusBarStyle[sdk=iphoneos*]" = UIStatusBarStyleDefault;
				"INFOPLIST_KEY_UIStatusBarStyle[sdk=iphonesimulator*]" = UIStatusBarStyleDefault;
				INFOPLIST_KEY_UISupportedInterfaceOrientations_iPad = "UIInterfaceOrientationPortrait UIInterfaceOrientationPortraitUpsideDown UIInterfaceOrientationLandscapeLeft UIInterfaceOrientationLandscapeRight";
				INFOPLIST_KEY_UISupportedInterfaceOrientations_iPhone = "UIInterfaceOrientationPortrait UIInterfaceOrientationLandscapeLeft UIInterfaceOrientationLandscapeRight";
				IPHONEOS_DEPLOYMENT_TARGET = 17.0;
				LD_RUNPATH_SEARCH_PATHS = "@executable_path/Frameworks";
				"LD_RUNPATH_SEARCH_PATHS[sdk=macosx*]" = "@executable_path/../Frameworks";
				MACOSX_DEPLOYMENT_TARGET = 13.5;
				MARKETING_VERSION = 1.0;
				PRODUCT_BUNDLE_IDENTIFIER = com.avitsadok.www.MySwiftSyntaxProject;
				PRODUCT_NAME = "$(TARGET_NAME)";
				SDKROOT = auto;
				SUPPORTED_PLATFORMS = "iphoneos iphonesimulator macosx";
				SWIFT_EMIT_LOC_STRINGS = YES;
				SWIFT_VERSION = 5.0;
				TARGETED_DEVICE_FAMILY = "1,2";
			};
			name = Debug;
		};
		90C1632B2AA1218F001E5FC0 /* Release */ = {
			isa = XCBuildConfiguration;
			buildSettings = {
				ASSETCATALOG_COMPILER_APPICON_NAME = AppIcon;
				ASSETCATALOG_COMPILER_GLOBAL_ACCENT_COLOR_NAME = AccentColor;
				CODE_SIGN_ENTITLEMENTS = MySwiftSyntaxProject/MySwiftSyntaxProject.entitlements;
				CODE_SIGN_STYLE = Automatic;
				CURRENT_PROJECT_VERSION = 1;
				DEVELOPMENT_ASSET_PATHS = "\"MySwiftSyntaxProject/Preview Content\"";
				DEVELOPMENT_TEAM = Y49FTKD2M5;
				ENABLE_HARDENED_RUNTIME = YES;
				ENABLE_PREVIEWS = YES;
				GENERATE_INFOPLIST_FILE = YES;
				"INFOPLIST_KEY_UIApplicationSceneManifest_Generation[sdk=iphoneos*]" = YES;
				"INFOPLIST_KEY_UIApplicationSceneManifest_Generation[sdk=iphonesimulator*]" = YES;
				"INFOPLIST_KEY_UIApplicationSupportsIndirectInputEvents[sdk=iphoneos*]" = YES;
				"INFOPLIST_KEY_UIApplicationSupportsIndirectInputEvents[sdk=iphonesimulator*]" = YES;
				"INFOPLIST_KEY_UILaunchScreen_Generation[sdk=iphoneos*]" = YES;
				"INFOPLIST_KEY_UILaunchScreen_Generation[sdk=iphonesimulator*]" = YES;
				"INFOPLIST_KEY_UIStatusBarStyle[sdk=iphoneos*]" = UIStatusBarStyleDefault;
				"INFOPLIST_KEY_UIStatusBarStyle[sdk=iphonesimulator*]" = UIStatusBarStyleDefault;
				INFOPLIST_KEY_UISupportedInterfaceOrientations_iPad = "UIInterfaceOrientationPortrait UIInterfaceOrientationPortraitUpsideDown UIInterfaceOrientationLandscapeLeft UIInterfaceOrientationLandscapeRight";
				INFOPLIST_KEY_UISupportedInterfaceOrientations_iPhone = "UIInterfaceOrientationPortrait UIInterfaceOrientationLandscapeLeft UIInterfaceOrientationLandscapeRight";
				IPHONEOS_DEPLOYMENT_TARGET = 17.0;
				LD_RUNPATH_SEARCH_PATHS = "@executable_path/Frameworks";
				"LD_RUNPATH_SEARCH_PATHS[sdk=macosx*]" = "@executable_path/../Frameworks";
				MACOSX_DEPLOYMENT_TARGET = 13.5;
				MARKETING_VERSION = 1.0;
				PRODUCT_BUNDLE_IDENTIFIER = com.avitsadok.www.MySwiftSyntaxProject;
				PRODUCT_NAME = "$(TARGET_NAME)";
				SDKROOT = auto;
				SUPPORTED_PLATFORMS = "iphoneos iphonesimulator macosx";
				SWIFT_EMIT_LOC_STRINGS = YES;
				SWIFT_VERSION = 5.0;
				TARGETED_DEVICE_FAMILY = "1,2";
			};
			name = Release;
		};
/* End XCBuildConfiguration section */

/* Begin XCConfigurationList section */
		90C163152AA1218D001E5FC0 /* Build configuration list for PBXProject "MySwiftSyntaxProject" */ = {
			isa = XCConfigurationList;
			buildConfigurations = (
				90C163272AA1218F001E5FC0 /* Debug */,
				90C163282AA1218F001E5FC0 /* Release */,
			);
			defaultConfigurationIsVisible = 0;
			defaultConfigurationName = Release;
		};
		90C163292AA1218F001E5FC0 /* Build configuration list for PBXNativeTarget "MySwiftSyntaxProject" */ = {
			isa = XCConfigurationList;
			buildConfigurations = (
				90C1632A2AA1218F001E5FC0 /* Debug */,
				90C1632B2AA1218F001E5FC0 /* Release */,
			);
			defaultConfigurationIsVisible = 0;
			defaultConfigurationName = Release;
		};
/* End XCConfigurationList section */

/* Begin XCLocalSwiftPackageReference section */
		90D4366B2AAC3E170002124F /* XCLocalSwiftPackageReference "../StructInitMacro" */ = {
			isa = XCLocalSwiftPackageReference;
			relativePath = ../StructInitMacro;
		};
/* End XCLocalSwiftPackageReference section */

/* Begin XCRemoteSwiftPackageReference section */
		90C1632C2AA18F28001E5FC0 /* XCRemoteSwiftPackageReference "swift-syntax" */ = {
			isa = XCRemoteSwiftPackageReference;
			repositoryURL = "https://github.com/apple/swift-syntax.git";
			requirement = {
				kind = upToNextMajorVersion;
				minimumVersion = 508.0.1;
			};
		};
/* End XCRemoteSwiftPackageReference section */

/* Begin XCSwiftPackageProductDependency section */
		90C1632D2AA18F28001E5FC0 /* SwiftParser */ = {
			isa = XCSwiftPackageProductDependency;
			package = 90C1632C2AA18F28001E5FC0 /* XCRemoteSwiftPackageReference "swift-syntax" */;
			productName = SwiftParser;
		};
		90C1632F2AA18F28001E5FC0 /* SwiftSyntax */ = {
			isa = XCSwiftPackageProductDependency;
			package = 90C1632C2AA18F28001E5FC0 /* XCRemoteSwiftPackageReference "swift-syntax" */;
			productName = SwiftSyntax;
		};
		90D4366C2AAC3E170002124F /* StructInitMacro */ = {
			isa = XCSwiftPackageProductDependency;
			productName = StructInitMacro;
		};
/* End XCSwiftPackageProductDependency section */
	};
	rootObject = 90C163122AA1218D001E5FC0 /* Project object */;
}
